
Microsoft Visual Studio Solution File, Format Version 12.00
# Visual Studio 15
VisualStudioVersion = 15.0.28307.271
MinimumVisualStudioVersion = 10.0.40219.1
Project("{FAE04EC0-301F-11D3-BF4B-00C04F79EFBC}") = "BilgeAdam.GenericLists", "BilgeAdam.GenericLists\BilgeAdam.GenericLists.csproj", "{696C601C-A0E3-40E0-9DF8-86F8F2F591FE}"
EndProject
Global
	GlobalSection(SolutionConfigurationPlatforms) = preSolution
		Debug|Any CPU = Debug|Any CPU
		Release|Any CPU = Release|Any CPU
	EndGlobalSection
	GlobalSection(ProjectConfigurationPlatforms) = postSolution
		{696C601C-A0E3-40E0-9DF8-86F8F2F591FE}.Debug|Any CPU.ActiveCfg = Debug|Any CPU
		{696C601C-A0E3-40E0-9DF8-86F8F2F591FE}.Debug|Any CPU.Build.0 = Debug|Any CPU
		{696C601C-A0E3-40E0-9DF8-86F8F2F591FE}.Release|Any CPU.ActiveCfg = Release|Any CPU
		{696C601C-A0E3-40E0-9DF8-86F8F2F591FE}.Release|Any CPU.Build.0 = Release|Any CPU
	EndGlobalSection
	GlobalSection(SolutionProperties) = preSolution
		HideSolutionNode = FALSE
	EndGlobalSection
	GlobalSection(ExtensibilityGlobals) = postSolution
		SolutionGuid = {B8E8BE95-3E7A-4F48-AF09-450F51D5BDF5}
	EndGlobalSection
EndGlobal
